// !$*UTF8*$!
{
	archiveVersion = 1;
	classes = {
	};
	objectVersion = 46;
	objects = {

/* Begin PBXBuildFile section */
		489552541B4F148700CA90B6 /* AppDelegate.m in Sources */ = {isa = PBXBuildFile; fileRef = 489552531B4F148700CA90B6 /* AppDelegate.m */; };
		489552561B4F148700CA90B6 /* main.m in Sources */ = {isa = PBXBuildFile; fileRef = 489552551B4F148700CA90B6 /* main.m */; };
		489552591B4F148700CA90B6 /* ViewController.m in Sources */ = {isa = PBXBuildFile; fileRef = 489552581B4F148700CA90B6 /* ViewController.m */; };
		4895525C1B4F148700CA90B6 /* GoogleHacks.xcdatamodeld in Sources */ = {isa = PBXBuildFile; fileRef = 4895525A1B4F148700CA90B6 /* GoogleHacks.xcdatamodeld */; };
		4895525E1B4F148700CA90B6 /* Images.xcassets in Resources */ = {isa = PBXBuildFile; fileRef = 4895525D1B4F148700CA90B6 /* Images.xcassets */; };
		4895526D1B4F148700CA90B6 /* GoogleHacksTests.m in Sources */ = {isa = PBXBuildFile; fileRef = 4895526C1B4F148700CA90B6 /* GoogleHacksTests.m */; };
		489552781B4F153800CA90B6 /* DataObjects.m in Sources */ = {isa = PBXBuildFile; fileRef = 489552771B4F153800CA90B6 /* DataObjects.m */; };
		489552901B4F3C5600CA90B6 /* MyViewController.m in Sources */ = {isa = PBXBuildFile; fileRef = 4895528E1B4F3C5600CA90B6 /* MyViewController.m */; };
		489552911B4F3C5600CA90B6 /* MyViewController.xib in Resources */ = {isa = PBXBuildFile; fileRef = 4895528F1B4F3C5600CA90B6 /* MyViewController.xib */; };
		489552941B4F3C6200CA90B6 /* MyCustomAnimator.m in Sources */ = {isa = PBXBuildFile; fileRef = 489552931B4F3C6200CA90B6 /* MyCustomAnimator.m */; };
		489552971B4F3CDA00CA90B6 /* MyView.m in Sources */ = {isa = PBXBuildFile; fileRef = 489552961B4F3CDA00CA90B6 /* MyView.m */; };
		489552991B4F3F9200CA90B6 /* Main.storyboard in Resources */ = {isa = PBXBuildFile; fileRef = 489552981B4F3F9200CA90B6 /* Main.storyboard */; };
		4895529F1B4F444A00CA90B6 /* WebKit.framework in Frameworks */ = {isa = PBXBuildFile; fileRef = 4895529E1B4F444A00CA90B6 /* WebKit.framework */; };
/* End PBXBuildFile section */

/* Begin PBXContainerItemProxy section */
		489552671B4F148700CA90B6 /* PBXContainerItemProxy */ = {
			isa = PBXContainerItemProxy;
			containerPortal = 489552451B4F148700CA90B6 /* Project object */;
			proxyType = 1;
			remoteGlobalIDString = 4895524C1B4F148700CA90B6;
			remoteInfo = GoogleHacks;
		};
/* End PBXContainerItemProxy section */

/* Begin PBXFileReference section */
		4895524D1B4F148700CA90B6 /* GoogleHacks.app */ = {isa = PBXFileReference; explicitFileType = wrapper.application; includeInIndex = 0; path = GoogleHacks.app; sourceTree = BUILT_PRODUCTS_DIR; };
		489552511B4F148700CA90B6 /* Info.plist */ = {isa = PBXFileReference; lastKnownFileType = text.plist.xml; path = Info.plist; sourceTree = "<group>"; };
		489552521B4F148700CA90B6 /* AppDelegate.h */ = {isa = PBXFileReference; lastKnownFileType = sourcecode.c.h; path = AppDelegate.h; sourceTree = "<group>"; };
		489552531B4F148700CA90B6 /* AppDelegate.m */ = {isa = PBXFileReference; lastKnownFileType = sourcecode.c.objc; path = AppDelegate.m; sourceTree = "<group>"; };
		489552551B4F148700CA90B6 /* main.m */ = {isa = PBXFileReference; lastKnownFileType = sourcecode.c.objc; path = main.m; sourceTree = "<group>"; };
		489552571B4F148700CA90B6 /* ViewController.h */ = {isa = PBXFileReference; lastKnownFileType = sourcecode.c.h; path = ViewController.h; sourceTree = "<group>"; };
		489552581B4F148700CA90B6 /* ViewController.m */ = {isa = PBXFileReference; lastKnownFileType = sourcecode.c.objc; path = ViewController.m; sourceTree = "<group>"; };
		4895525B1B4F148700CA90B6 /* GoogleHacks.xcdatamodel */ = {isa = PBXFileReference; lastKnownFileType = wrapper.xcdatamodel; path = GoogleHacks.xcdatamodel; sourceTree = "<group>"; };
		4895525D1B4F148700CA90B6 /* Images.xcassets */ = {isa = PBXFileReference; lastKnownFileType = folder.assetcatalog; path = Images.xcassets; sourceTree = "<group>"; };
		489552661B4F148700CA90B6 /* GoogleHacksTests.xctest */ = {isa = PBXFileReference; explicitFileType = wrapper.cfbundle; includeInIndex = 0; path = GoogleHacksTests.xctest; sourceTree = BUILT_PRODUCTS_DIR; };
		4895526B1B4F148700CA90B6 /* Info.plist */ = {isa = PBXFileReference; lastKnownFileType = text.plist.xml; path = Info.plist; sourceTree = "<group>"; };
		4895526C1B4F148700CA90B6 /* GoogleHacksTests.m */ = {isa = PBXFileReference; lastKnownFileType = sourcecode.c.objc; path = GoogleHacksTests.m; sourceTree = "<group>"; };
		489552761B4F153800CA90B6 /* DataObjects.h */ = {isa = PBXFileReference; fileEncoding = 4; lastKnownFileType = sourcecode.c.h; path = DataObjects.h; sourceTree = "<group>"; };
		489552771B4F153800CA90B6 /* DataObjects.m */ = {isa = PBXFileReference; fileEncoding = 4; lastKnownFileType = sourcecode.c.objc; path = DataObjects.m; sourceTree = "<group>"; };
		4895528D1B4F3C5600CA90B6 /* MyViewController.h */ = {isa = PBXFileReference; fileEncoding = 4; lastKnownFileType = sourcecode.c.h; path = MyViewController.h; sourceTree = "<group>"; };
		4895528E1B4F3C5600CA90B6 /* MyViewController.m */ = {isa = PBXFileReference; fileEncoding = 4; lastKnownFileType = sourcecode.c.objc; path = MyViewController.m; sourceTree = "<group>"; };
		4895528F1B4F3C5600CA90B6 /* MyViewController.xib */ = {isa = PBXFileReference; fileEncoding = 4; lastKnownFileType = file.xib; path = MyViewController.xib; sourceTree = "<group>"; };
		489552921B4F3C6200CA90B6 /* MyCustomAnimator.h */ = {isa = PBXFileReference; fileEncoding = 4; lastKnownFileType = sourcecode.c.h; path = MyCustomAnimator.h; sourceTree = "<group>"; };
		489552931B4F3C6200CA90B6 /* MyCustomAnimator.m */ = {isa = PBXFileReference; fileEncoding = 4; lastKnownFileType = sourcecode.c.objc; path = MyCustomAnimator.m; sourceTree = "<group>"; };
		489552951B4F3CDA00CA90B6 /* MyView.h */ = {isa = PBXFileReference; fileEncoding = 4; lastKnownFileType = sourcecode.c.h; path = MyView.h; sourceTree = "<group>"; };
		489552961B4F3CDA00CA90B6 /* MyView.m */ = {isa = PBXFileReference; fileEncoding = 4; lastKnownFileType = sourcecode.c.objc; path = MyView.m; sourceTree = "<group>"; };
		489552981B4F3F9200CA90B6 /* Main.storyboard */ = {isa = PBXFileReference; fileEncoding = 4; lastKnownFileType = file.storyboard; path = Main.storyboard; sourceTree = "<group>"; };
		4895529E1B4F444A00CA90B6 /* WebKit.framework */ = {isa = PBXFileReference; lastKnownFileType = wrapper.framework; name = WebKit.framework; path = System/Library/Frameworks/WebKit.framework; sourceTree = SDKROOT; };
/* End PBXFileReference section */

/* Begin PBXFrameworksBuildPhase section */
		4895524A1B4F148700CA90B6 /* Frameworks */ = {
			isa = PBXFrameworksBuildPhase;
			buildActionMask = 2147483647;
			files = (
				4895529F1B4F444A00CA90B6 /* WebKit.framework in Frameworks */,
			);
			runOnlyForDeploymentPostprocessing = 0;
		};
		489552631B4F148700CA90B6 /* Frameworks */ = {
			isa = PBXFrameworksBuildPhase;
			buildActionMask = 2147483647;
			files = (
			);
			runOnlyForDeploymentPostprocessing = 0;
		};
/* End PBXFrameworksBuildPhase section */

/* Begin PBXGroup section */
		489552441B4F148700CA90B6 = {
			isa = PBXGroup;
			children = (
				4895524F1B4F148700CA90B6 /* GoogleHacks */,
				489552691B4F148700CA90B6 /* GoogleHacksTests */,
				4895524E1B4F148700CA90B6 /* Products */,
			);
			sourceTree = "<group>";
		};
		4895524E1B4F148700CA90B6 /* Products */ = {
			isa = PBXGroup;
			children = (
				4895524D1B4F148700CA90B6 /* GoogleHacks.app */,
				489552661B4F148700CA90B6 /* GoogleHacksTests.xctest */,
			);
			name = Products;
			sourceTree = "<group>";
		};
		4895524F1B4F148700CA90B6 /* GoogleHacks */ = {
			isa = PBXGroup;
			children = (
				489552921B4F3C6200CA90B6 /* MyCustomAnimator.h */,
				489552931B4F3C6200CA90B6 /* MyCustomAnimator.m */,
				4895528D1B4F3C5600CA90B6 /* MyViewController.h */,
				4895528E1B4F3C5600CA90B6 /* MyViewController.m */,
				489552951B4F3CDA00CA90B6 /* MyView.h */,
				489552961B4F3CDA00CA90B6 /* MyView.m */,
				4895528F1B4F3C5600CA90B6 /* MyViewController.xib */,
				489552521B4F148700CA90B6 /* AppDelegate.h */,
				489552531B4F148700CA90B6 /* AppDelegate.m */,
				489552571B4F148700CA90B6 /* ViewController.h */,
				489552581B4F148700CA90B6 /* ViewController.m */,
				489552761B4F153800CA90B6 /* DataObjects.h */,
				489552771B4F153800CA90B6 /* DataObjects.m */,
				4895525D1B4F148700CA90B6 /* Images.xcassets */,
				489552981B4F3F9200CA90B6 /* Main.storyboard */,
				4895525A1B4F148700CA90B6 /* GoogleHacks.xcdatamodeld */,
				489552501B4F148700CA90B6 /* Supporting Files */,
			);
			path = GoogleHacks;
			sourceTree = "<group>";
		};
		489552501B4F148700CA90B6 /* Supporting Files */ = {
			isa = PBXGroup;
			children = (
				4895529E1B4F444A00CA90B6 /* WebKit.framework */,
				489552511B4F148700CA90B6 /* Info.plist */,
				489552551B4F148700CA90B6 /* main.m */,
			);
			name = "Supporting Files";
			sourceTree = "<group>";
		};
		489552691B4F148700CA90B6 /* GoogleHacksTests */ = {
			isa = PBXGroup;
			children = (
				4895526C1B4F148700CA90B6 /* GoogleHacksTests.m */,
				4895526A1B4F148700CA90B6 /* Supporting Files */,
			);
			path = GoogleHacksTests;
			sourceTree = "<group>";
		};
		4895526A1B4F148700CA90B6 /* Supporting Files */ = {
			isa = PBXGroup;
			children = (
				4895526B1B4F148700CA90B6 /* Info.plist */,
			);
			name = "Supporting Files";
			sourceTree = "<group>";
		};
/* End PBXGroup section */

/* Begin PBXNativeTarget section */
		4895524C1B4F148700CA90B6 /* GoogleHacks */ = {
			isa = PBXNativeTarget;
			buildConfigurationList = 489552701B4F148800CA90B6 /* Build configuration list for PBXNativeTarget "GoogleHacks" */;
			buildPhases = (
				489552491B4F148700CA90B6 /* Sources */,
				4895524A1B4F148700CA90B6 /* Frameworks */,
				4895524B1B4F148700CA90B6 /* Resources */,
			);
			buildRules = (
			);
			dependencies = (
			);
			name = GoogleHacks;
			productName = GoogleHacks;
			productReference = 4895524D1B4F148700CA90B6 /* GoogleHacks.app */;
			productType = "com.apple.product-type.application";
		};
		489552651B4F148700CA90B6 /* GoogleHacksTests */ = {
			isa = PBXNativeTarget;
			buildConfigurationList = 489552731B4F148800CA90B6 /* Build configuration list for PBXNativeTarget "GoogleHacksTests" */;
			buildPhases = (
				489552621B4F148700CA90B6 /* Sources */,
				489552631B4F148700CA90B6 /* Frameworks */,
				489552641B4F148700CA90B6 /* Resources */,
			);
			buildRules = (
			);
			dependencies = (
				489552681B4F148700CA90B6 /* PBXTargetDependency */,
			);
			name = GoogleHacksTests;
			productName = GoogleHacksTests;
			productReference = 489552661B4F148700CA90B6 /* GoogleHacksTests.xctest */;
			productType = "com.apple.product-type.bundle.unit-test";
		};
/* End PBXNativeTarget section */

/* Begin PBXProject section */
		489552451B4F148700CA90B6 /* Project object */ = {
			isa = PBXProject;
			attributes = {
				LastUpgradeCheck = 0630;
				ORGANIZATIONNAME = "Randy McMillan";
				TargetAttributes = {
					4895524C1B4F148700CA90B6 = {
						CreatedOnToolsVersion = 6.3.2;
					};
					489552651B4F148700CA90B6 = {
						CreatedOnToolsVersion = 6.3.2;
						TestTargetID = 4895524C1B4F148700CA90B6;
					};
				};
			};
			buildConfigurationList = 489552481B4F148700CA90B6 /* Build configuration list for PBXProject "GoogleHacks" */;
			compatibilityVersion = "Xcode 3.2";
			developmentRegion = English;
			hasScannedForEncodings = 0;
			knownRegions = (
				en,
				Base,
			);
			mainGroup = 489552441B4F148700CA90B6;
			productRefGroup = 4895524E1B4F148700CA90B6 /* Products */;
			projectDirPath = "";
			projectRoot = "";
			targets = (
				4895524C1B4F148700CA90B6 /* GoogleHacks */,
				489552651B4F148700CA90B6 /* GoogleHacksTests */,
			);
		};
/* End PBXProject section */

/* Begin PBXResourcesBuildPhase section */
		4895524B1B4F148700CA90B6 /* Resources */ = {
			isa = PBXResourcesBuildPhase;
			buildActionMask = 2147483647;
			files = (
				489552991B4F3F9200CA90B6 /* Main.storyboard in Resources */,
				4895525E1B4F148700CA90B6 /* Images.xcassets in Resources */,
				489552911B4F3C5600CA90B6 /* MyViewController.xib in Resources */,
			);
			runOnlyForDeploymentPostprocessing = 0;
		};
		489552641B4F148700CA90B6 /* Resources */ = {
			isa = PBXResourcesBuildPhase;
			buildActionMask = 2147483647;
			files = (
			);
			runOnlyForDeploymentPostprocessing = 0;
		};
/* End PBXResourcesBuildPhase section */

/* Begin PBXSourcesBuildPhase section */
		489552491B4F148700CA90B6 /* Sources */ = {
			isa = PBXSourcesBuildPhase;
			buildActionMask = 2147483647;
			files = (
				489552901B4F3C5600CA90B6 /* MyViewController.m in Sources */,
				489552591B4F148700CA90B6 /* ViewController.m in Sources */,
				489552561B4F148700CA90B6 /* main.m in Sources */,
				489552541B4F148700CA90B6 /* AppDelegate.m in Sources */,
				489552971B4F3CDA00CA90B6 /* MyView.m in Sources */,
				4895525C1B4F148700CA90B6 /* GoogleHacks.xcdatamodeld in Sources */,
				489552781B4F153800CA90B6 /* DataObjects.m in Sources */,
				489552941B4F3C6200CA90B6 /* MyCustomAnimator.m in Sources */,
			);
			runOnlyForDeploymentPostprocessing = 0;
		};
		489552621B4F148700CA90B6 /* Sources */ = {
			isa = PBXSourcesBuildPhase;
			buildActionMask = 2147483647;
			files = (
				4895526D1B4F148700CA90B6 /* GoogleHacksTests.m in Sources */,
			);
			runOnlyForDeploymentPostprocessing = 0;
		};
/* End PBXSourcesBuildPhase section */

/* Begin PBXTargetDependency section */
		489552681B4F148700CA90B6 /* PBXTargetDependency */ = {
			isa = PBXTargetDependency;
			target = 4895524C1B4F148700CA90B6 /* GoogleHacks */;
			targetProxy = 489552671B4F148700CA90B6 /* PBXContainerItemProxy */;
		};
/* End PBXTargetDependency section */

/* Begin XCBuildConfiguration section */
		4895526E1B4F148800CA90B6 /* Debug */ = {
			isa = XCBuildConfiguration;
			buildSettings = {
				ALWAYS_SEARCH_USER_PATHS = NO;
				CLANG_CXX_LANGUAGE_STANDARD = "gnu++0x";
				CLANG_CXX_LIBRARY = "libc++";
				CLANG_ENABLE_MODULES = YES;
				CLANG_ENABLE_OBJC_ARC = YES;
				CLANG_WARN_BOOL_CONVERSION = YES;
				CLANG_WARN_CONSTANT_CONVERSION = YES;
				CLANG_WARN_DIRECT_OBJC_ISA_USAGE = YES_ERROR;
				CLANG_WARN_EMPTY_BODY = YES;
				CLANG_WARN_ENUM_CONVERSION = YES;
				CLANG_WARN_INT_CONVERSION = YES;
				CLANG_WARN_OBJC_ROOT_CLASS = YES_ERROR;
				CLANG_WARN_UNREACHABLE_CODE = YES;
				CLANG_WARN__DUPLICATE_METHOD_MATCH = YES;
				CODE_SIGN_IDENTITY = "-";
				COPY_PHASE_STRIP = NO;
				DEBUG_INFORMATION_FORMAT = dwarf;
				ENABLE_STRICT_OBJC_MSGSEND = YES;
				GCC_C_LANGUAGE_STANDARD = gnu99;
				GCC_DYNAMIC_NO_PIC = NO;
				GCC_NO_COMMON_BLOCKS = YES;
				GCC_OPTIMIZATION_LEVEL = 0;
				GCC_PREPROCESSOR_DEFINITIONS = (
					"DEBUG=1",
					"$(inherited)",
				);
				GCC_SYMBOLS_PRIVATE_EXTERN = NO;
				GCC_WARN_64_TO_32_BIT_CONVERSION = YES;
				GCC_WARN_ABOUT_RETURN_TYPE = YES_ERROR;
				GCC_WARN_UNDECLARED_SELECTOR = YES;
				GCC_WARN_UNINITIALIZED_AUTOS = YES_AGGRESSIVE;
				GCC_WARN_UNUSED_FUNCTION = YES;
				GCC_WARN_UNUSED_VARIABLE = YES;
				MACOSX_DEPLOYMENT_TARGET = 10.10;
				MTL_ENABLE_DEBUG_INFO = YES;
				ONLY_ACTIVE_ARCH = YES;
				SDKROOT = macosx;
			};
			name = Debug;
		};
		4895526F1B4F148800CA90B6 /* Release */ = {
			isa = XCBuildConfiguration;
			buildSettings = {
				ALWAYS_SEARCH_USER_PATHS = NO;
				CLANG_CXX_LANGUAGE_STANDARD = "gnu++0x";
				CLANG_CXX_LIBRARY = "libc++";
				CLANG_ENABLE_MODULES = YES;
				CLANG_ENABLE_OBJC_ARC = YES;
				CLANG_WARN_BOOL_CONVERSION = YES;
				CLANG_WARN_CONSTANT_CONVERSION = YES;
				CLANG_WARN_DIRECT_OBJC_ISA_USAGE = YES_ERROR;
				CLANG_WARN_EMPTY_BODY = YES;
				CLANG_WARN_ENUM_CONVERSION = YES;
				CLANG_WARN_INT_CONVERSION = YES;
				CLANG_WARN_OBJC_ROOT_CLASS = YES_ERROR;
				CLANG_WARN_UNREACHABLE_CODE = YES;
				CLANG_WARN__DUPLICATE_METHOD_MATCH = YES;
				CODE_SIGN_IDENTITY = "-";
				COPY_PHASE_STRIP = NO;
				DEBUG_INFORMATION_FORMAT = "dwarf-with-dsym";
				ENABLE_NS_ASSERTIONS = NO;
				ENABLE_STRICT_OBJC_MSGSEND = YES;
				GCC_C_LANGUAGE_STANDARD = gnu99;
				GCC_NO_COMMON_BLOCKS = YES;
				GCC_WARN_64_TO_32_BIT_CONVERSION = YES;
				GCC_WARN_ABOUT_RETURN_TYPE = YES_ERROR;
				GCC_WARN_UNDECLARED_SELECTOR = YES;
				GCC_WARN_UNINITIALIZED_AUTOS = YES_AGGRESSIVE;
				GCC_WARN_UNUSED_FUNCTION = YES;
				GCC_WARN_UNUSED_VARIABLE = YES;
				MACOSX_DEPLOYMENT_TARGET = 10.10;
				MTL_ENABLE_DEBUG_INFO = NO;
				SDKROOT = macosx;
			};
			name = Release;
		};
		489552711B4F148800CA90B6 /* Debug */ = {
			isa = XCBuildConfiguration;
			buildSettings = {
				ASSETCATALOG_COMPILER_APPICON_NAME = AppIcon;
				COMBINE_HIDPI_IMAGES = YES;
				INFOPLIST_FILE = GoogleHacks/Info.plist;
				LD_RUNPATH_SEARCH_PATHS = "$(inherited) @executable_path/../Frameworks";
				LIBRARY_SEARCH_PATHS = (
					"$(inherited)",
					"$(SDKROOT)/usr/lib/system",
				);
				PRODUCT_NAME = "$(TARGET_NAME)";
			};
			name = Debug;
		};
		489552721B4F148800CA90B6 /* Release */ = {
			isa = XCBuildConfiguration;
			buildSettings = {
				ASSETCATALOG_COMPILER_APPICON_NAME = AppIcon;
				COMBINE_HIDPI_IMAGES = YES;
				INFOPLIST_FILE = GoogleHacks/Info.plist;
				LD_RUNPATH_SEARCH_PATHS = "$(inherited) @executable_path/../Frameworks";
				LIBRARY_SEARCH_PATHS = (
					"$(inherited)",
					"$(SDKROOT)/usr/lib/system",
				);
				PRODUCT_NAME = "$(TARGET_NAME)";
			};
			name = Release;
		};
		489552741B4F148800CA90B6 /* Debug */ = {
			isa = XCBuildConfiguration;
			buildSettings = {
				BUNDLE_LOADER = "$(TEST_HOST)";
				COMBINE_HIDPI_IMAGES = YES;
				FRAMEWORK_SEARCH_PATHS = (
					"$(DEVELOPER_FRAMEWORKS_DIR)",
					"$(inherited)",
				);
				GCC_PREPROCESSOR_DEFINITIONS = (
					"DEBUG=1",
					"$(inherited)",
				);
				INFOPLIST_FILE = GoogleHacksTests/Info.plist;
				LD_RUNPATH_SEARCH_PATHS = "$(inherited) @executable_path/../Frameworks @loader_path/../Frameworks";
				PRODUCT_NAME = "$(TARGET_NAME)";
				TEST_HOST = "$(BUILT_PRODUCTS_DIR)/GoogleHacks.app/Contents/MacOS/GoogleHacks";
			};
			name = Debug;
		};
		489552751B4F148800CA90B6 /* Release */ = {
			isa = XCBuildConfiguration;
			buildSettings = {
				BUNDLE_LOADER = "$(TEST_HOST)";
				COMBINE_HIDPI_IMAGES = YES;
				FRAMEWORK_SEARCH_PATHS = (
					"$(DEVELOPER_FRAMEWORKS_DIR)",
					"$(inherited)",
				);
				INFOPLIST_FILE = GoogleHacksTests/Info.plist;
				LD_RUNPATH_SEARCH_PATHS = "$(inherited) @executable_path/../Frameworks @loader_path/../Frameworks";
				PRODUCT_NAME = "$(TARGET_NAME)";
				TEST_HOST = "$(BUILT_PRODUCTS_DIR)/GoogleHacks.app/Contents/MacOS/GoogleHacks";
			};
			name = Release;
		};
/* End XCBuildConfiguration section */

/* Begin XCConfigurationList section */
		489552481B4F148700CA90B6 /* Build configuration list for PBXProject "GoogleHacks" */ = {
			isa = XCConfigurationList;
			buildConfigurations = (
				4895526E1B4F148800CA90B6 /* Debug */,
				4895526F1B4F148800CA90B6 /* Release */,
			);
			defaultConfigurationIsVisible = 0;
			defaultConfigurationName = Release;
		};
		489552701B4F148800CA90B6 /* Build configuration list for PBXNativeTarget "GoogleHacks" */ = {
			isa = XCConfigurationList;
			buildConfigurations = (
				489552711B4F148800CA90B6 /* Debug */,
				489552721B4F148800CA90B6 /* Release */,
			);
			defaultConfigurationIsVisible = 0;
			defaultConfigurationName = Release;
		};
		489552731B4F148800CA90B6 /* Build configuration list for PBXNativeTarget "GoogleHacksTests" */ = {
			isa = XCConfigurationList;
			buildConfigurations = (
				489552741B4F148800CA90B6 /* Debug */,
				489552751B4F148800CA90B6 /* Release */,
			);
			defaultConfigurationIsVisible = 0;
			defaultConfigurationName = Release;
		};
/* End XCConfigurationList section */

/* Begin XCVersionGroup section */
		4895525A1B4F148700CA90B6 /* GoogleHacks.xcdatamodeld */ = {
			isa = XCVersionGroup;
			children = (
				4895525B1B4F148700CA90B6 /* GoogleHacks.xcdatamodel */,
			);
			currentVersion = 4895525B1B4F148700CA90B6 /* GoogleHacks.xcdatamodel */;
			path = GoogleHacks.xcdatamodeld;
			sourceTree = "<group>";
			versionGroupType = wrapper.xcdatamodel;
		};
/* End XCVersionGroup section */
	};
	rootObject = 489552451B4F148700CA90B6 /* Project object */;
}
